
Microsoft Visual Studio Solution File, Format Version 12.00
# Visual Studio 15
VisualStudioVersion = 15.0.28307.136
MinimumVisualStudioVersion = 10.0.40219.1
Project("{FAE04EC0-301F-11D3-BF4B-00C04F79EFBC}") = "FontIconControls", "FontIconControls\FontIconControls.csproj", "{01534C12-9A8F-4DAA-8960-AF7D80F4F630}"
EndProject
Global
	GlobalSection(SolutionConfigurationPlatforms) = preSolution
		Debug|Any CPU = Debug|Any CPU
		Release|Any CPU = Release|Any CPU
	EndGlobalSection
	GlobalSection(ProjectConfigurationPlatforms) = postSolution
		{01534C12-9A8F-4DAA-8960-AF7D80F4F630}.Debug|Any CPU.ActiveCfg = Debug|Any CPU
		{01534C12-9A8F-4DAA-8960-AF7D80F4F630}.Debug|Any CPU.Build.0 = Debug|Any CPU
		{01534C12-9A8F-4DAA-8960-AF7D80F4F630}.Release|Any CPU.ActiveCfg = Release|Any CPU
		{01534C12-9A8F-4DAA-8960-AF7D80F4F630}.Release|Any CPU.Build.0 = Release|Any CPU
	EndGlobalSection
	GlobalSection(SolutionProperties) = preSolution
		HideSolutionNode = FALSE
	EndGlobalSection
	GlobalSection(ExtensibilityGlobals) = postSolution
		SolutionGuid = {73274076-00BD-4C8B-90AF-A1CCF4A2E3A6}
	EndGlobalSection
EndGlobal
